
Microsoft Visual Studio Solution File, Format Version 12.00
# Visual Studio 15
VisualStudioVersion = 15.0.27004.2006
MinimumVisualStudioVersion = 10.0.40219.1
Project("{FAE04EC0-301F-11D3-BF4B-00C04F79EFBC}") = "MovieStreaming", "MovieStreaming\MovieStreaming.csproj", "{67A2E237-254D-4EC2-8682-0A4E408C62C5}"
EndProject
Project("{FAE04EC0-301F-11D3-BF4B-00C04F79EFBC}") = "MovieStreaming.Remote", "MovieStreaming.Remote\MovieStreaming.Remote.csproj", "{6CCE2C7C-889C-45D3-8988-4E59275C8B15}"
EndProject
Project("{FAE04EC0-301F-11D3-BF4B-00C04F79EFBC}") = "MovieStreaming.Common", "MovieStreaming.Common\MovieStreaming.Common.csproj", "{B38F58B8-5087-4EEB-8974-2D7F14D53461}"
EndProject
Global
	GlobalSection(SolutionConfigurationPlatforms) = preSolution
		Debug|Any CPU = Debug|Any CPU
		Release|Any CPU = Release|Any CPU
	EndGlobalSection
	GlobalSection(ProjectConfigurationPlatforms) = postSolution
		{67A2E237-254D-4EC2-8682-0A4E408C62C5}.Debug|Any CPU.ActiveCfg = Debug|Any CPU
		{67A2E237-254D-4EC2-8682-0A4E408C62C5}.Debug|Any CPU.Build.0 = Debug|Any CPU
		{67A2E237-254D-4EC2-8682-0A4E408C62C5}.Release|Any CPU.ActiveCfg = Release|Any CPU
		{67A2E237-254D-4EC2-8682-0A4E408C62C5}.Release|Any CPU.Build.0 = Release|Any CPU
		{6CCE2C7C-889C-45D3-8988-4E59275C8B15}.Debug|Any CPU.ActiveCfg = Debug|Any CPU
		{6CCE2C7C-889C-45D3-8988-4E59275C8B15}.Debug|Any CPU.Build.0 = Debug|Any CPU
		{6CCE2C7C-889C-45D3-8988-4E59275C8B15}.Release|Any CPU.ActiveCfg = Release|Any CPU
		{6CCE2C7C-889C-45D3-8988-4E59275C8B15}.Release|Any CPU.Build.0 = Release|Any CPU
		{B38F58B8-5087-4EEB-8974-2D7F14D53461}.Debug|Any CPU.ActiveCfg = Debug|Any CPU
		{B38F58B8-5087-4EEB-8974-2D7F14D53461}.Debug|Any CPU.Build.0 = Debug|Any CPU
		{B38F58B8-5087-4EEB-8974-2D7F14D53461}.Release|Any CPU.ActiveCfg = Release|Any CPU
		{B38F58B8-5087-4EEB-8974-2D7F14D53461}.Release|Any CPU.Build.0 = Release|Any CPU
	EndGlobalSection
	GlobalSection(SolutionProperties) = preSolution
		HideSolutionNode = FALSE
	EndGlobalSection
	GlobalSection(ExtensibilityGlobals) = postSolution
		SolutionGuid = {39EB48AE-F431-43E1-A4E1-E2F37FEE9D81}
	EndGlobalSection
EndGlobal
